
Microsoft Visual Studio Solution File, Format Version 12.00
# Visual Studio Version 17
VisualStudioVersion = 17.0.31912.275
MinimumVisualStudioVersion = 10.0.40219.1
Project("{FAE04EC0-301F-11D3-BF4B-00C04F79EFBC}") = "UrsuAlexandra_Lab2", "UrsuAlexandra_Lab2.csproj", "{ED98290E-387D-405C-B5B4-FD43315ECEE7}"
EndProject
Project("{FAE04EC0-301F-11D3-BF4B-00C04F79EFBC}") = "LibraryModel", "..\LibraryModel\LibraryModel.csproj", "{1AFCC0B3-E062-40EE-8331-02DBCDEEC0D8}"
EndProject
Project("{FAE04EC0-301F-11D3-BF4B-00C04F79EFBC}") = "LibraryWebAPI", "..\LibraryWebAPI\LibraryWebAPI.csproj", "{5BFE92EF-3DF9-45DF-ACFD-424587E20290}"
EndProject
Global
	GlobalSection(SolutionConfigurationPlatforms) = preSolution
		Debug|Any CPU = Debug|Any CPU
		Release|Any CPU = Release|Any CPU
	EndGlobalSection
	GlobalSection(ProjectConfigurationPlatforms) = postSolution
		{ED98290E-387D-405C-B5B4-FD43315ECEE7}.Debug|Any CPU.ActiveCfg = Debug|Any CPU
		{ED98290E-387D-405C-B5B4-FD43315ECEE7}.Debug|Any CPU.Build.0 = Debug|Any CPU
		{ED98290E-387D-405C-B5B4-FD43315ECEE7}.Release|Any CPU.ActiveCfg = Release|Any CPU
		{ED98290E-387D-405C-B5B4-FD43315ECEE7}.Release|Any CPU.Build.0 = Release|Any CPU
		{1AFCC0B3-E062-40EE-8331-02DBCDEEC0D8}.Debug|Any CPU.ActiveCfg = Debug|Any CPU
		{1AFCC0B3-E062-40EE-8331-02DBCDEEC0D8}.Debug|Any CPU.Build.0 = Debug|Any CPU
		{1AFCC0B3-E062-40EE-8331-02DBCDEEC0D8}.Release|Any CPU.ActiveCfg = Release|Any CPU
		{1AFCC0B3-E062-40EE-8331-02DBCDEEC0D8}.Release|Any CPU.Build.0 = Release|Any CPU
		{5BFE92EF-3DF9-45DF-ACFD-424587E20290}.Debug|Any CPU.ActiveCfg = Debug|Any CPU
		{5BFE92EF-3DF9-45DF-ACFD-424587E20290}.Debug|Any CPU.Build.0 = Debug|Any CPU
		{5BFE92EF-3DF9-45DF-ACFD-424587E20290}.Release|Any CPU.ActiveCfg = Release|Any CPU
		{5BFE92EF-3DF9-45DF-ACFD-424587E20290}.Release|Any CPU.Build.0 = Release|Any CPU
	EndGlobalSection
	GlobalSection(SolutionProperties) = preSolution
		HideSolutionNode = FALSE
	EndGlobalSection
	GlobalSection(ExtensibilityGlobals) = postSolution
		SolutionGuid = {AD9B3B08-13EF-4402-B22F-96BB0F867515}
	EndGlobalSection
EndGlobal
